
Microsoft Visual Studio Solution File, Format Version 12.00
# Visual Studio 15
VisualStudioVersion = 15.0.27428.2043
MinimumVisualStudioVersion = 10.0.40219.1
Project("{FAE04EC0-301F-11D3-BF4B-00C04F79EFBC}") = "01. Ranking", "01. Ranking\01. Ranking.csproj", "{2A6F3DA4-77ED-4E80-A53F-7640AA69D696}"
EndProject
Global
	GlobalSection(SolutionConfigurationPlatforms) = preSolution
		Debug|Any CPU = Debug|Any CPU
		Release|Any CPU = Release|Any CPU
	EndGlobalSection
	GlobalSection(ProjectConfigurationPlatforms) = postSolution
		{2A6F3DA4-77ED-4E80-A53F-7640AA69D696}.Debug|Any CPU.ActiveCfg = Debug|Any CPU
		{2A6F3DA4-77ED-4E80-A53F-7640AA69D696}.Debug|Any CPU.Build.0 = Debug|Any CPU
		{2A6F3DA4-77ED-4E80-A53F-7640AA69D696}.Release|Any CPU.ActiveCfg = Release|Any CPU
		{2A6F3DA4-77ED-4E80-A53F-7640AA69D696}.Release|Any CPU.Build.0 = Release|Any CPU
	EndGlobalSection
	GlobalSection(SolutionProperties) = preSolution
		HideSolutionNode = FALSE
	EndGlobalSection
	GlobalSection(ExtensibilityGlobals) = postSolution
		SolutionGuid = {7A55E7F1-E7E3-4095-87C7-A1AD199292FE}
	EndGlobalSection
EndGlobal
