
Microsoft Visual Studio Solution File, Format Version 12.00
# Visual Studio 15
VisualStudioVersion = 15.0.27428.2043
MinimumVisualStudioVersion = 10.0.40219.1
Project("{FAE04EC0-301F-11D3-BF4B-00C04F79EFBC}") = "03.Feed the Animals", "03.Feed the Animals\03.Feed the Animals.csproj", "{28D7EC90-E45A-4CAB-8082-60803B58A0D3}"
EndProject
Project("{FAE04EC0-301F-11D3-BF4B-00C04F79EFBC}") = "02.Emoji Sumator", "02.Emoji Sumator\02.Emoji Sumator.csproj", "{986139BE-0C1D-4B0B-9986-15BCB42214C3}"
EndProject
Project("{FAE04EC0-301F-11D3-BF4B-00C04F79EFBC}") = "01.String Manipulator", "01.String Manipulator\01.String Manipulator.csproj", "{5B3C1881-E9D9-4B34-8C13-B815A1670E60}"
EndProject
Global
	GlobalSection(SolutionConfigurationPlatforms) = preSolution
		Debug|Any CPU = Debug|Any CPU
		Release|Any CPU = Release|Any CPU
	EndGlobalSection
	GlobalSection(ProjectConfigurationPlatforms) = postSolution
		{28D7EC90-E45A-4CAB-8082-60803B58A0D3}.Debug|Any CPU.ActiveCfg = Debug|Any CPU
		{28D7EC90-E45A-4CAB-8082-60803B58A0D3}.Debug|Any CPU.Build.0 = Debug|Any CPU
		{28D7EC90-E45A-4CAB-8082-60803B58A0D3}.Release|Any CPU.ActiveCfg = Release|Any CPU
		{28D7EC90-E45A-4CAB-8082-60803B58A0D3}.Release|Any CPU.Build.0 = Release|Any CPU
		{986139BE-0C1D-4B0B-9986-15BCB42214C3}.Debug|Any CPU.ActiveCfg = Debug|Any CPU
		{986139BE-0C1D-4B0B-9986-15BCB42214C3}.Debug|Any CPU.Build.0 = Debug|Any CPU
		{986139BE-0C1D-4B0B-9986-15BCB42214C3}.Release|Any CPU.ActiveCfg = Release|Any CPU
		{986139BE-0C1D-4B0B-9986-15BCB42214C3}.Release|Any CPU.Build.0 = Release|Any CPU
		{5B3C1881-E9D9-4B34-8C13-B815A1670E60}.Debug|Any CPU.ActiveCfg = Debug|Any CPU
		{5B3C1881-E9D9-4B34-8C13-B815A1670E60}.Debug|Any CPU.Build.0 = Debug|Any CPU
		{5B3C1881-E9D9-4B34-8C13-B815A1670E60}.Release|Any CPU.ActiveCfg = Release|Any CPU
		{5B3C1881-E9D9-4B34-8C13-B815A1670E60}.Release|Any CPU.Build.0 = Release|Any CPU
	EndGlobalSection
	GlobalSection(SolutionProperties) = preSolution
		HideSolutionNode = FALSE
	EndGlobalSection
	GlobalSection(ExtensibilityGlobals) = postSolution
		SolutionGuid = {2CCF47CF-8940-4EB0-84BC-A8EA130A3CE0}
	EndGlobalSection
EndGlobal
