
Microsoft Visual Studio Solution File, Format Version 12.00
# Visual Studio 15
VisualStudioVersion = 15.0.27428.2043
MinimumVisualStudioVersion = 10.0.40219.1
Project("{FAE04EC0-301F-11D3-BF4B-00C04F79EFBC}") = "01. Day of Week", "01. Day of Week\01. Day of Week.csproj", "{3993421E-D721-4D45-8E4F-8E2B5AE4422A}"
EndProject
Project("{FAE04EC0-301F-11D3-BF4B-00C04F79EFBC}") = "02. Randomize Words", "02. Randomize Words\02. Randomize Words.csproj", "{5EFB4664-A2FD-4BF9-AFB6-90546A16479B}"
EndProject
Project("{FAE04EC0-301F-11D3-BF4B-00C04F79EFBC}") = "03. Big Factorial", "03. Big Factorial\03. Big Factorial.csproj", "{4152F2D6-A4BA-4378-A871-905B1A87F38E}"
EndProject
Project("{FAE04EC0-301F-11D3-BF4B-00C04F79EFBC}") = "04. Songs", "04. Songs\04. Songs.csproj", "{7FD6C826-4423-4F45-9E73-5C1C2E3055C1}"
EndProject
Project("{FAE04EC0-301F-11D3-BF4B-00C04F79EFBC}") = "05. Students", "05. Students\05. Students.csproj", "{381DD075-F8FE-4C39-8F01-C7715E5B3A48}"
EndProject
Global
	GlobalSection(SolutionConfigurationPlatforms) = preSolution
		Debug|Any CPU = Debug|Any CPU
		Release|Any CPU = Release|Any CPU
	EndGlobalSection
	GlobalSection(ProjectConfigurationPlatforms) = postSolution
		{3993421E-D721-4D45-8E4F-8E2B5AE4422A}.Debug|Any CPU.ActiveCfg = Debug|Any CPU
		{3993421E-D721-4D45-8E4F-8E2B5AE4422A}.Debug|Any CPU.Build.0 = Debug|Any CPU
		{3993421E-D721-4D45-8E4F-8E2B5AE4422A}.Release|Any CPU.ActiveCfg = Release|Any CPU
		{3993421E-D721-4D45-8E4F-8E2B5AE4422A}.Release|Any CPU.Build.0 = Release|Any CPU
		{5EFB4664-A2FD-4BF9-AFB6-90546A16479B}.Debug|Any CPU.ActiveCfg = Debug|Any CPU
		{5EFB4664-A2FD-4BF9-AFB6-90546A16479B}.Debug|Any CPU.Build.0 = Debug|Any CPU
		{5EFB4664-A2FD-4BF9-AFB6-90546A16479B}.Release|Any CPU.ActiveCfg = Release|Any CPU
		{5EFB4664-A2FD-4BF9-AFB6-90546A16479B}.Release|Any CPU.Build.0 = Release|Any CPU
		{4152F2D6-A4BA-4378-A871-905B1A87F38E}.Debug|Any CPU.ActiveCfg = Debug|Any CPU
		{4152F2D6-A4BA-4378-A871-905B1A87F38E}.Debug|Any CPU.Build.0 = Debug|Any CPU
		{4152F2D6-A4BA-4378-A871-905B1A87F38E}.Release|Any CPU.ActiveCfg = Release|Any CPU
		{4152F2D6-A4BA-4378-A871-905B1A87F38E}.Release|Any CPU.Build.0 = Release|Any CPU
		{7FD6C826-4423-4F45-9E73-5C1C2E3055C1}.Debug|Any CPU.ActiveCfg = Debug|Any CPU
		{7FD6C826-4423-4F45-9E73-5C1C2E3055C1}.Debug|Any CPU.Build.0 = Debug|Any CPU
		{7FD6C826-4423-4F45-9E73-5C1C2E3055C1}.Release|Any CPU.ActiveCfg = Release|Any CPU
		{7FD6C826-4423-4F45-9E73-5C1C2E3055C1}.Release|Any CPU.Build.0 = Release|Any CPU
		{381DD075-F8FE-4C39-8F01-C7715E5B3A48}.Debug|Any CPU.ActiveCfg = Debug|Any CPU
		{381DD075-F8FE-4C39-8F01-C7715E5B3A48}.Debug|Any CPU.Build.0 = Debug|Any CPU
		{381DD075-F8FE-4C39-8F01-C7715E5B3A48}.Release|Any CPU.ActiveCfg = Release|Any CPU
		{381DD075-F8FE-4C39-8F01-C7715E5B3A48}.Release|Any CPU.Build.0 = Release|Any CPU
	EndGlobalSection
	GlobalSection(SolutionProperties) = preSolution
		HideSolutionNode = FALSE
	EndGlobalSection
	GlobalSection(ExtensibilityGlobals) = postSolution
		SolutionGuid = {0D20991B-A2C4-4464-9E80-CFEFC7722B16}
	EndGlobalSection
EndGlobal
