
Microsoft Visual Studio Solution File, Format Version 12.00
# Visual Studio 15
VisualStudioVersion = 15.0.27428.2043
MinimumVisualStudioVersion = 10.0.40219.1
Project("{9A19103F-16F7-4668-BE54-9A1E7A4F7556}") = "01. Count Chars in a Strings", "..\01. Count Chars in a Strings\01. Count Chars in a Strings.csproj", "{570C2B71-3564-4EE4-8D81-FD4EEC2DE02B}"
EndProject
Project("{9A19103F-16F7-4668-BE54-9A1E7A4F7556}") = "02. A Miner Task", "02. A Miner Task\02. A Miner Task.csproj", "{C76F148F-1EDC-49E2-86D5-8789B20F04EA}"
EndProject
Project("{9A19103F-16F7-4668-BE54-9A1E7A4F7556}") = "03. Legendary Farming", "03. Legendary Farming\03. Legendary Farming.csproj", "{F72A8D7B-4D71-44BE-87DF-4CFE66194E59}"
EndProject
Project("{9A19103F-16F7-4668-BE54-9A1E7A4F7556}") = "04. Orders", "04. Orders\04. Orders.csproj", "{CBC2E169-FBBB-47B6-A9C3-1BED26F107CC}"
EndProject
Project("{9A19103F-16F7-4668-BE54-9A1E7A4F7556}") = "05. SoftUni Parking", "05. SoftUni Parking\05. SoftUni Parking.csproj", "{8E434E99-5E64-48C3-8F16-EC57B4EF5307}"
EndProject
Project("{9A19103F-16F7-4668-BE54-9A1E7A4F7556}") = "06. Courses", "06. Courses\06. Courses.csproj", "{E1B90AF9-88F2-4403-ACA1-98B99C0882BF}"
EndProject
Project("{9A19103F-16F7-4668-BE54-9A1E7A4F7556}") = "07. Student Academys", "07. Student Academys\07. Student Academys.csproj", "{8ABCE213-6EFC-4271-BC1C-522F067C12C3}"
EndProject
Project("{FAE04EC0-301F-11D3-BF4B-00C04F79EFBC}") = "08. Company Users", "08. Company Users\08. Company Users.csproj", "{CB020E3D-F07E-4275-9F1A-710355A1F535}"
EndProject
Global
	GlobalSection(SolutionConfigurationPlatforms) = preSolution
		Debug|Any CPU = Debug|Any CPU
		Release|Any CPU = Release|Any CPU
	EndGlobalSection
	GlobalSection(ProjectConfigurationPlatforms) = postSolution
		{570C2B71-3564-4EE4-8D81-FD4EEC2DE02B}.Debug|Any CPU.ActiveCfg = Debug|Any CPU
		{570C2B71-3564-4EE4-8D81-FD4EEC2DE02B}.Debug|Any CPU.Build.0 = Debug|Any CPU
		{570C2B71-3564-4EE4-8D81-FD4EEC2DE02B}.Release|Any CPU.ActiveCfg = Release|Any CPU
		{570C2B71-3564-4EE4-8D81-FD4EEC2DE02B}.Release|Any CPU.Build.0 = Release|Any CPU
		{C76F148F-1EDC-49E2-86D5-8789B20F04EA}.Debug|Any CPU.ActiveCfg = Debug|Any CPU
		{C76F148F-1EDC-49E2-86D5-8789B20F04EA}.Debug|Any CPU.Build.0 = Debug|Any CPU
		{C76F148F-1EDC-49E2-86D5-8789B20F04EA}.Release|Any CPU.ActiveCfg = Release|Any CPU
		{C76F148F-1EDC-49E2-86D5-8789B20F04EA}.Release|Any CPU.Build.0 = Release|Any CPU
		{F72A8D7B-4D71-44BE-87DF-4CFE66194E59}.Debug|Any CPU.ActiveCfg = Debug|Any CPU
		{F72A8D7B-4D71-44BE-87DF-4CFE66194E59}.Debug|Any CPU.Build.0 = Debug|Any CPU
		{F72A8D7B-4D71-44BE-87DF-4CFE66194E59}.Release|Any CPU.ActiveCfg = Release|Any CPU
		{F72A8D7B-4D71-44BE-87DF-4CFE66194E59}.Release|Any CPU.Build.0 = Release|Any CPU
		{CBC2E169-FBBB-47B6-A9C3-1BED26F107CC}.Debug|Any CPU.ActiveCfg = Debug|Any CPU
		{CBC2E169-FBBB-47B6-A9C3-1BED26F107CC}.Debug|Any CPU.Build.0 = Debug|Any CPU
		{CBC2E169-FBBB-47B6-A9C3-1BED26F107CC}.Release|Any CPU.ActiveCfg = Release|Any CPU
		{CBC2E169-FBBB-47B6-A9C3-1BED26F107CC}.Release|Any CPU.Build.0 = Release|Any CPU
		{8E434E99-5E64-48C3-8F16-EC57B4EF5307}.Debug|Any CPU.ActiveCfg = Debug|Any CPU
		{8E434E99-5E64-48C3-8F16-EC57B4EF5307}.Debug|Any CPU.Build.0 = Debug|Any CPU
		{8E434E99-5E64-48C3-8F16-EC57B4EF5307}.Release|Any CPU.ActiveCfg = Release|Any CPU
		{8E434E99-5E64-48C3-8F16-EC57B4EF5307}.Release|Any CPU.Build.0 = Release|Any CPU
		{E1B90AF9-88F2-4403-ACA1-98B99C0882BF}.Debug|Any CPU.ActiveCfg = Debug|Any CPU
		{E1B90AF9-88F2-4403-ACA1-98B99C0882BF}.Debug|Any CPU.Build.0 = Debug|Any CPU
		{E1B90AF9-88F2-4403-ACA1-98B99C0882BF}.Release|Any CPU.ActiveCfg = Release|Any CPU
		{E1B90AF9-88F2-4403-ACA1-98B99C0882BF}.Release|Any CPU.Build.0 = Release|Any CPU
		{8ABCE213-6EFC-4271-BC1C-522F067C12C3}.Debug|Any CPU.ActiveCfg = Debug|Any CPU
		{8ABCE213-6EFC-4271-BC1C-522F067C12C3}.Debug|Any CPU.Build.0 = Debug|Any CPU
		{8ABCE213-6EFC-4271-BC1C-522F067C12C3}.Release|Any CPU.ActiveCfg = Release|Any CPU
		{8ABCE213-6EFC-4271-BC1C-522F067C12C3}.Release|Any CPU.Build.0 = Release|Any CPU
		{CB020E3D-F07E-4275-9F1A-710355A1F535}.Debug|Any CPU.ActiveCfg = Debug|Any CPU
		{CB020E3D-F07E-4275-9F1A-710355A1F535}.Debug|Any CPU.Build.0 = Debug|Any CPU
		{CB020E3D-F07E-4275-9F1A-710355A1F535}.Release|Any CPU.ActiveCfg = Release|Any CPU
		{CB020E3D-F07E-4275-9F1A-710355A1F535}.Release|Any CPU.Build.0 = Release|Any CPU
	EndGlobalSection
	GlobalSection(SolutionProperties) = preSolution
		HideSolutionNode = FALSE
	EndGlobalSection
	GlobalSection(ExtensibilityGlobals) = postSolution
		SolutionGuid = {3414DDA0-3F27-4D0F-BC7C-215911B1BF5C}
	EndGlobalSection
EndGlobal
