
Microsoft Visual Studio Solution File, Format Version 12.00
# Visual Studio 15
VisualStudioVersion = 15.0.27428.2043
MinimumVisualStudioVersion = 10.0.40219.1
Project("{FAE04EC0-301F-11D3-BF4B-00C04F79EFBC}") = "01.1. Convert Meters to Kilometers", "01.1. Convert Meters to Kilometers\01.1. Convert Meters to Kilometers.csproj", "{A8955ED9-D766-4F20-A360-26A0F5B6CE96}"
EndProject
Project("{FAE04EC0-301F-11D3-BF4B-00C04F79EFBC}") = "02. Pounds to Dollars", "02. Pounds to Dollars\02. Pounds to Dollars.csproj", "{C3F18ABE-9AB3-4E7D-AE56-355E62A62A94}"
EndProject
Project("{FAE04EC0-301F-11D3-BF4B-00C04F79EFBC}") = "03. Exact Sum of Real Numbers", "03. Exact Sum of Real Numbers\03. Exact Sum of Real Numbers.csproj", "{108A5778-C7AC-4932-8A6B-7BAF984A606D}"
EndProject
Project("{FAE04EC0-301F-11D3-BF4B-00C04F79EFBC}") = "04. Centuries to Minutes", "04. Centuries to Minutes\04. Centuries to Minutes.csproj", "{FDE30455-D95D-4E89-91E3-3F42342E5465}"
EndProject
Project("{FAE04EC0-301F-11D3-BF4B-00C04F79EFBC}") = "05. Special Numbers", "05. Special Numbers\05. Special Numbers.csproj", "{B746CBB6-E539-4CF2-BAAD-70CF1B7DADDF}"
EndProject
Project("{FAE04EC0-301F-11D3-BF4B-00C04F79EFBC}") = "06. Reversed Chars", "06. Reversed Chars\06. Reversed Chars.csproj", "{AEF20CEC-FD39-4331-AB19-60830A24178E}"
EndProject
Project("{FAE04EC0-301F-11D3-BF4B-00C04F79EFBC}") = "07. Concat Names", "07. Concat Names\07. Concat Names.csproj", "{B824C1B7-86DB-4CAC-B0A1-A61C080BDE42}"
EndProject
Project("{FAE04EC0-301F-11D3-BF4B-00C04F79EFBC}") = "08. Town Info", "08. Town Info\08. Town Info.csproj", "{74439533-5607-4044-9E89-481AE9B30AC0}"
EndProject
Project("{FAE04EC0-301F-11D3-BF4B-00C04F79EFBC}") = "09. Chars to String", "09. Chars to String\09. Chars to String.csproj", "{FE178A8A-EA64-4C82-8FB7-41B3F8C7CD9C}"
EndProject
Project("{FAE04EC0-301F-11D3-BF4B-00C04F79EFBC}") = "10. Lower or Upper", "10. Lower or Upper\10. Lower or Upper.csproj", "{6FBD3FB2-7CF4-4B44-8946-B1C78865D420}"
EndProject
Global
	GlobalSection(SolutionConfigurationPlatforms) = preSolution
		Debug|Any CPU = Debug|Any CPU
		Release|Any CPU = Release|Any CPU
	EndGlobalSection
	GlobalSection(ProjectConfigurationPlatforms) = postSolution
		{A8955ED9-D766-4F20-A360-26A0F5B6CE96}.Debug|Any CPU.ActiveCfg = Debug|Any CPU
		{A8955ED9-D766-4F20-A360-26A0F5B6CE96}.Debug|Any CPU.Build.0 = Debug|Any CPU
		{A8955ED9-D766-4F20-A360-26A0F5B6CE96}.Release|Any CPU.ActiveCfg = Release|Any CPU
		{A8955ED9-D766-4F20-A360-26A0F5B6CE96}.Release|Any CPU.Build.0 = Release|Any CPU
		{C3F18ABE-9AB3-4E7D-AE56-355E62A62A94}.Debug|Any CPU.ActiveCfg = Debug|Any CPU
		{C3F18ABE-9AB3-4E7D-AE56-355E62A62A94}.Debug|Any CPU.Build.0 = Debug|Any CPU
		{C3F18ABE-9AB3-4E7D-AE56-355E62A62A94}.Release|Any CPU.ActiveCfg = Release|Any CPU
		{C3F18ABE-9AB3-4E7D-AE56-355E62A62A94}.Release|Any CPU.Build.0 = Release|Any CPU
		{108A5778-C7AC-4932-8A6B-7BAF984A606D}.Debug|Any CPU.ActiveCfg = Debug|Any CPU
		{108A5778-C7AC-4932-8A6B-7BAF984A606D}.Debug|Any CPU.Build.0 = Debug|Any CPU
		{108A5778-C7AC-4932-8A6B-7BAF984A606D}.Release|Any CPU.ActiveCfg = Release|Any CPU
		{108A5778-C7AC-4932-8A6B-7BAF984A606D}.Release|Any CPU.Build.0 = Release|Any CPU
		{FDE30455-D95D-4E89-91E3-3F42342E5465}.Debug|Any CPU.ActiveCfg = Debug|Any CPU
		{FDE30455-D95D-4E89-91E3-3F42342E5465}.Debug|Any CPU.Build.0 = Debug|Any CPU
		{FDE30455-D95D-4E89-91E3-3F42342E5465}.Release|Any CPU.ActiveCfg = Release|Any CPU
		{FDE30455-D95D-4E89-91E3-3F42342E5465}.Release|Any CPU.Build.0 = Release|Any CPU
		{B746CBB6-E539-4CF2-BAAD-70CF1B7DADDF}.Debug|Any CPU.ActiveCfg = Debug|Any CPU
		{B746CBB6-E539-4CF2-BAAD-70CF1B7DADDF}.Debug|Any CPU.Build.0 = Debug|Any CPU
		{B746CBB6-E539-4CF2-BAAD-70CF1B7DADDF}.Release|Any CPU.ActiveCfg = Release|Any CPU
		{B746CBB6-E539-4CF2-BAAD-70CF1B7DADDF}.Release|Any CPU.Build.0 = Release|Any CPU
		{AEF20CEC-FD39-4331-AB19-60830A24178E}.Debug|Any CPU.ActiveCfg = Debug|Any CPU
		{AEF20CEC-FD39-4331-AB19-60830A24178E}.Debug|Any CPU.Build.0 = Debug|Any CPU
		{AEF20CEC-FD39-4331-AB19-60830A24178E}.Release|Any CPU.ActiveCfg = Release|Any CPU
		{AEF20CEC-FD39-4331-AB19-60830A24178E}.Release|Any CPU.Build.0 = Release|Any CPU
		{B824C1B7-86DB-4CAC-B0A1-A61C080BDE42}.Debug|Any CPU.ActiveCfg = Debug|Any CPU
		{B824C1B7-86DB-4CAC-B0A1-A61C080BDE42}.Debug|Any CPU.Build.0 = Debug|Any CPU
		{B824C1B7-86DB-4CAC-B0A1-A61C080BDE42}.Release|Any CPU.ActiveCfg = Release|Any CPU
		{B824C1B7-86DB-4CAC-B0A1-A61C080BDE42}.Release|Any CPU.Build.0 = Release|Any CPU
		{74439533-5607-4044-9E89-481AE9B30AC0}.Debug|Any CPU.ActiveCfg = Debug|Any CPU
		{74439533-5607-4044-9E89-481AE9B30AC0}.Debug|Any CPU.Build.0 = Debug|Any CPU
		{74439533-5607-4044-9E89-481AE9B30AC0}.Release|Any CPU.ActiveCfg = Release|Any CPU
		{74439533-5607-4044-9E89-481AE9B30AC0}.Release|Any CPU.Build.0 = Release|Any CPU
		{FE178A8A-EA64-4C82-8FB7-41B3F8C7CD9C}.Debug|Any CPU.ActiveCfg = Debug|Any CPU
		{FE178A8A-EA64-4C82-8FB7-41B3F8C7CD9C}.Debug|Any CPU.Build.0 = Debug|Any CPU
		{FE178A8A-EA64-4C82-8FB7-41B3F8C7CD9C}.Release|Any CPU.ActiveCfg = Release|Any CPU
		{FE178A8A-EA64-4C82-8FB7-41B3F8C7CD9C}.Release|Any CPU.Build.0 = Release|Any CPU
		{6FBD3FB2-7CF4-4B44-8946-B1C78865D420}.Debug|Any CPU.ActiveCfg = Debug|Any CPU
		{6FBD3FB2-7CF4-4B44-8946-B1C78865D420}.Debug|Any CPU.Build.0 = Debug|Any CPU
		{6FBD3FB2-7CF4-4B44-8946-B1C78865D420}.Release|Any CPU.ActiveCfg = Release|Any CPU
		{6FBD3FB2-7CF4-4B44-8946-B1C78865D420}.Release|Any CPU.Build.0 = Release|Any CPU
	EndGlobalSection
	GlobalSection(SolutionProperties) = preSolution
		HideSolutionNode = FALSE
	EndGlobalSection
	GlobalSection(ExtensibilityGlobals) = postSolution
		SolutionGuid = {109B5DC6-917A-4074-A01E-E3142CD300BF}
	EndGlobalSection
EndGlobal
