
Microsoft Visual Studio Solution File, Format Version 12.00
# Visual Studio 15
VisualStudioVersion = 15.0.27428.2043
MinimumVisualStudioVersion = 10.0.40219.1
Project("{FAE04EC0-301F-11D3-BF4B-00C04F79EFBC}") = "01. Spring Vacation Trip", "01. Spring Vacation Trip\01. Spring Vacation Trip.csproj", "{AB601B9E-BC45-4566-9000-22A2B79BF871}"
EndProject
Global
	GlobalSection(SolutionConfigurationPlatforms) = preSolution
		Debug|Any CPU = Debug|Any CPU
		Release|Any CPU = Release|Any CPU
	EndGlobalSection
	GlobalSection(ProjectConfigurationPlatforms) = postSolution
		{AB601B9E-BC45-4566-9000-22A2B79BF871}.Debug|Any CPU.ActiveCfg = Debug|Any CPU
		{AB601B9E-BC45-4566-9000-22A2B79BF871}.Debug|Any CPU.Build.0 = Debug|Any CPU
		{AB601B9E-BC45-4566-9000-22A2B79BF871}.Release|Any CPU.ActiveCfg = Release|Any CPU
		{AB601B9E-BC45-4566-9000-22A2B79BF871}.Release|Any CPU.Build.0 = Release|Any CPU
	EndGlobalSection
	GlobalSection(SolutionProperties) = preSolution
		HideSolutionNode = FALSE
	EndGlobalSection
	GlobalSection(ExtensibilityGlobals) = postSolution
		SolutionGuid = {21F68C3C-27C6-44E7-B169-474D3A011E37}
	EndGlobalSection
EndGlobal
