
Microsoft Visual Studio Solution File, Format Version 12.00
# Visual Studio 15
VisualStudioVersion = 15.0.27428.2043
MinimumVisualStudioVersion = 10.0.40219.1
Project("{9A19103F-16F7-4668-BE54-9A1E7A4F7556}") = "01. Train", "01. Train\01. Train.csproj", "{C4DAD5CD-7DE0-4A13-856C-97667219DD2A}"
EndProject
Project("{9A19103F-16F7-4668-BE54-9A1E7A4F7556}") = "02. Change List", "02. Change List\02. Change List.csproj", "{67966D98-4424-4449-8B81-A395BA9D0BCB}"
EndProject
Project("{9A19103F-16F7-4668-BE54-9A1E7A4F7556}") = "03. House Party", "03. House Party\03. House Party.csproj", "{38D84039-7703-4266-9B14-9619808F691F}"
EndProject
Project("{9A19103F-16F7-4668-BE54-9A1E7A4F7556}") = "04. List Operations", "04. List Operations\04. List Operations.csproj", "{0C3333C4-4098-49C7-98AA-AD42040E4C4D}"
EndProject
Project("{9A19103F-16F7-4668-BE54-9A1E7A4F7556}") = "05. Bomb Numbers", "05. Bomb Numbers\05. Bomb Numbers.csproj", "{CEC610D7-764A-4BCB-914F-BD376A3F3736}"
EndProject
Project("{9A19103F-16F7-4668-BE54-9A1E7A4F7556}") = "06. Cards Game", "06. Cards Game\06. Cards Game.csproj", "{C3F9CC03-E0F2-4B58-96E1-ABC460DCED1A}"
EndProject
Project("{9A19103F-16F7-4668-BE54-9A1E7A4F7556}") = "07. Append Arrays", "07. Append Arrays\07. Append Arrays.csproj", "{3828C0BE-393C-4FA1-A535-7AA32AEBDF01}"
EndProject
Global
	GlobalSection(SolutionConfigurationPlatforms) = preSolution
		Debug|Any CPU = Debug|Any CPU
		Release|Any CPU = Release|Any CPU
	EndGlobalSection
	GlobalSection(ProjectConfigurationPlatforms) = postSolution
		{C4DAD5CD-7DE0-4A13-856C-97667219DD2A}.Debug|Any CPU.ActiveCfg = Debug|Any CPU
		{C4DAD5CD-7DE0-4A13-856C-97667219DD2A}.Debug|Any CPU.Build.0 = Debug|Any CPU
		{C4DAD5CD-7DE0-4A13-856C-97667219DD2A}.Release|Any CPU.ActiveCfg = Release|Any CPU
		{C4DAD5CD-7DE0-4A13-856C-97667219DD2A}.Release|Any CPU.Build.0 = Release|Any CPU
		{67966D98-4424-4449-8B81-A395BA9D0BCB}.Debug|Any CPU.ActiveCfg = Debug|Any CPU
		{67966D98-4424-4449-8B81-A395BA9D0BCB}.Debug|Any CPU.Build.0 = Debug|Any CPU
		{67966D98-4424-4449-8B81-A395BA9D0BCB}.Release|Any CPU.ActiveCfg = Release|Any CPU
		{67966D98-4424-4449-8B81-A395BA9D0BCB}.Release|Any CPU.Build.0 = Release|Any CPU
		{38D84039-7703-4266-9B14-9619808F691F}.Debug|Any CPU.ActiveCfg = Debug|Any CPU
		{38D84039-7703-4266-9B14-9619808F691F}.Debug|Any CPU.Build.0 = Debug|Any CPU
		{38D84039-7703-4266-9B14-9619808F691F}.Release|Any CPU.ActiveCfg = Release|Any CPU
		{38D84039-7703-4266-9B14-9619808F691F}.Release|Any CPU.Build.0 = Release|Any CPU
		{0C3333C4-4098-49C7-98AA-AD42040E4C4D}.Debug|Any CPU.ActiveCfg = Debug|Any CPU
		{0C3333C4-4098-49C7-98AA-AD42040E4C4D}.Debug|Any CPU.Build.0 = Debug|Any CPU
		{0C3333C4-4098-49C7-98AA-AD42040E4C4D}.Release|Any CPU.ActiveCfg = Release|Any CPU
		{0C3333C4-4098-49C7-98AA-AD42040E4C4D}.Release|Any CPU.Build.0 = Release|Any CPU
		{CEC610D7-764A-4BCB-914F-BD376A3F3736}.Debug|Any CPU.ActiveCfg = Debug|Any CPU
		{CEC610D7-764A-4BCB-914F-BD376A3F3736}.Debug|Any CPU.Build.0 = Debug|Any CPU
		{CEC610D7-764A-4BCB-914F-BD376A3F3736}.Release|Any CPU.ActiveCfg = Release|Any CPU
		{CEC610D7-764A-4BCB-914F-BD376A3F3736}.Release|Any CPU.Build.0 = Release|Any CPU
		{C3F9CC03-E0F2-4B58-96E1-ABC460DCED1A}.Debug|Any CPU.ActiveCfg = Debug|Any CPU
		{C3F9CC03-E0F2-4B58-96E1-ABC460DCED1A}.Debug|Any CPU.Build.0 = Debug|Any CPU
		{C3F9CC03-E0F2-4B58-96E1-ABC460DCED1A}.Release|Any CPU.ActiveCfg = Release|Any CPU
		{C3F9CC03-E0F2-4B58-96E1-ABC460DCED1A}.Release|Any CPU.Build.0 = Release|Any CPU
		{3828C0BE-393C-4FA1-A535-7AA32AEBDF01}.Debug|Any CPU.ActiveCfg = Debug|Any CPU
		{3828C0BE-393C-4FA1-A535-7AA32AEBDF01}.Debug|Any CPU.Build.0 = Debug|Any CPU
		{3828C0BE-393C-4FA1-A535-7AA32AEBDF01}.Release|Any CPU.ActiveCfg = Release|Any CPU
		{3828C0BE-393C-4FA1-A535-7AA32AEBDF01}.Release|Any CPU.Build.0 = Release|Any CPU
	EndGlobalSection
	GlobalSection(SolutionProperties) = preSolution
		HideSolutionNode = FALSE
	EndGlobalSection
	GlobalSection(ExtensibilityGlobals) = postSolution
		SolutionGuid = {00E5A843-AACC-48C3-907A-3CC1FD873AC5}
	EndGlobalSection
EndGlobal
