
Microsoft Visual Studio Solution File, Format Version 12.00
# Visual Studio 15
VisualStudioVersion = 15.0.27428.2043
MinimumVisualStudioVersion = 10.0.40219.1
Project("{9A19103F-16F7-4668-BE54-9A1E7A4F7556}") = "01. Concert", "01. Concert\01. Concert.csproj", "{01BB830B-ADFC-44AD-8FB4-DF96BE4A713D}"
EndProject
Project("{FAE04EC0-301F-11D3-BF4B-00C04F79EFBC}") = "02. Song Encryption", "02. Song Encryption\02. Song Encryption.csproj", "{5DC25EF3-0B43-47F4-BF87-4DD54F046C8D}"
EndProject
Project("{FAE04EC0-301F-11D3-BF4B-00C04F79EFBC}") = "03. The Isle of Man TT Race", "03. The Isle of Man TT Race\03. The Isle of Man TT Race.csproj", "{08E5C890-4113-4B43-A973-577DEC2D20AE}"
EndProject
Global
	GlobalSection(SolutionConfigurationPlatforms) = preSolution
		Debug|Any CPU = Debug|Any CPU
		Release|Any CPU = Release|Any CPU
	EndGlobalSection
	GlobalSection(ProjectConfigurationPlatforms) = postSolution
		{01BB830B-ADFC-44AD-8FB4-DF96BE4A713D}.Debug|Any CPU.ActiveCfg = Debug|Any CPU
		{01BB830B-ADFC-44AD-8FB4-DF96BE4A713D}.Debug|Any CPU.Build.0 = Debug|Any CPU
		{01BB830B-ADFC-44AD-8FB4-DF96BE4A713D}.Release|Any CPU.ActiveCfg = Release|Any CPU
		{01BB830B-ADFC-44AD-8FB4-DF96BE4A713D}.Release|Any CPU.Build.0 = Release|Any CPU
		{5DC25EF3-0B43-47F4-BF87-4DD54F046C8D}.Debug|Any CPU.ActiveCfg = Debug|Any CPU
		{5DC25EF3-0B43-47F4-BF87-4DD54F046C8D}.Debug|Any CPU.Build.0 = Debug|Any CPU
		{5DC25EF3-0B43-47F4-BF87-4DD54F046C8D}.Release|Any CPU.ActiveCfg = Release|Any CPU
		{5DC25EF3-0B43-47F4-BF87-4DD54F046C8D}.Release|Any CPU.Build.0 = Release|Any CPU
		{08E5C890-4113-4B43-A973-577DEC2D20AE}.Debug|Any CPU.ActiveCfg = Debug|Any CPU
		{08E5C890-4113-4B43-A973-577DEC2D20AE}.Debug|Any CPU.Build.0 = Debug|Any CPU
		{08E5C890-4113-4B43-A973-577DEC2D20AE}.Release|Any CPU.ActiveCfg = Release|Any CPU
		{08E5C890-4113-4B43-A973-577DEC2D20AE}.Release|Any CPU.Build.0 = Release|Any CPU
	EndGlobalSection
	GlobalSection(SolutionProperties) = preSolution
		HideSolutionNode = FALSE
	EndGlobalSection
	GlobalSection(ExtensibilityGlobals) = postSolution
		SolutionGuid = {5AC7C24A-2FF2-4B2E-9111-F40822721277}
	EndGlobalSection
EndGlobal
