
Microsoft Visual Studio Solution File, Format Version 12.00
# Visual Studio 15
VisualStudioVersion = 15.0.27428.2043
MinimumVisualStudioVersion = 10.0.40219.1
Project("{9A19103F-16F7-4668-BE54-9A1E7A4F7556}") = "0 1. Party Profit", "0 1. Party Profit\0 1. Party Profit.csproj", "{89080E9B-45A9-4FA1-B3E4-B7073158066F}"
EndProject
Project("{FAE04EC0-301F-11D3-BF4B-00C04F79EFBC}") = "02.Eastern Gift", "2.Eastern Gift\02.Eastern Gift.csproj", "{100726AC-218E-4A5A-BC6B-4083CB43FEB0}"
EndProject
Project("{FAE04EC0-301F-11D3-BF4B-00C04F79EFBC}") = "03.LastStop", "03.LastStop\03.LastStop.csproj", "{0D54B29D-C160-429C-BB83-DEAD64930213}"
EndProject
Global
	GlobalSection(SolutionConfigurationPlatforms) = preSolution
		Debug|Any CPU = Debug|Any CPU
		Release|Any CPU = Release|Any CPU
	EndGlobalSection
	GlobalSection(ProjectConfigurationPlatforms) = postSolution
		{89080E9B-45A9-4FA1-B3E4-B7073158066F}.Debug|Any CPU.ActiveCfg = Debug|Any CPU
		{89080E9B-45A9-4FA1-B3E4-B7073158066F}.Debug|Any CPU.Build.0 = Debug|Any CPU
		{89080E9B-45A9-4FA1-B3E4-B7073158066F}.Release|Any CPU.ActiveCfg = Release|Any CPU
		{89080E9B-45A9-4FA1-B3E4-B7073158066F}.Release|Any CPU.Build.0 = Release|Any CPU
		{100726AC-218E-4A5A-BC6B-4083CB43FEB0}.Debug|Any CPU.ActiveCfg = Debug|Any CPU
		{100726AC-218E-4A5A-BC6B-4083CB43FEB0}.Debug|Any CPU.Build.0 = Debug|Any CPU
		{100726AC-218E-4A5A-BC6B-4083CB43FEB0}.Release|Any CPU.ActiveCfg = Release|Any CPU
		{100726AC-218E-4A5A-BC6B-4083CB43FEB0}.Release|Any CPU.Build.0 = Release|Any CPU
		{0D54B29D-C160-429C-BB83-DEAD64930213}.Debug|Any CPU.ActiveCfg = Debug|Any CPU
		{0D54B29D-C160-429C-BB83-DEAD64930213}.Debug|Any CPU.Build.0 = Debug|Any CPU
		{0D54B29D-C160-429C-BB83-DEAD64930213}.Release|Any CPU.ActiveCfg = Release|Any CPU
		{0D54B29D-C160-429C-BB83-DEAD64930213}.Release|Any CPU.Build.0 = Release|Any CPU
	EndGlobalSection
	GlobalSection(SolutionProperties) = preSolution
		HideSolutionNode = FALSE
	EndGlobalSection
	GlobalSection(ExtensibilityGlobals) = postSolution
		SolutionGuid = {A990D044-ACDF-4150-BE69-2E785290A001}
	EndGlobalSection
EndGlobal
