
Microsoft Visual Studio Solution File, Format Version 12.00
# Visual Studio 15
VisualStudioVersion = 15.0.27428.2043
MinimumVisualStudioVersion = 10.0.40219.1
Project("{9A19103F-16F7-4668-BE54-9A1E7A4F7556}") = "01. Sum Adjacent Equal Numbers", "01. Sum Adjacent Equal Numbers\01. Sum Adjacent Equal Numbers.csproj", "{86415854-5296-4E4E-80B8-A25B97C2DD8F}"
EndProject
Project("{FAE04EC0-301F-11D3-BF4B-00C04F79EFBC}") = "02. Gauss' Trick", "02. Gauss' Trick\02. Gauss' Trick.csproj", "{214C5B27-6C46-4C69-91F6-F44291F40893}"
EndProject
Project("{FAE04EC0-301F-11D3-BF4B-00C04F79EFBC}") = "03. Merging Lists", "03. Merging Lists\03. Merging Lists.csproj", "{518DBAE8-3A46-4B03-A1D7-F231EE744752}"
EndProject
Project("{FAE04EC0-301F-11D3-BF4B-00C04F79EFBC}") = "04. List of Products", "04. List of Products\04. List of Products.csproj", "{34EDFEE9-421E-4B4D-87F0-C3C04109A6DF}"
EndProject
Project("{FAE04EC0-301F-11D3-BF4B-00C04F79EFBC}") = "05. Remove Negatives and Reverse", "05. Remove Negatives and Reverse\05. Remove Negatives and Reverse.csproj", "{4933E2DE-EE74-48A9-8F0F-D76EC098A47A}"
EndProject
Project("{FAE04EC0-301F-11D3-BF4B-00C04F79EFBC}") = "06. List Manipulation Basics", "06. List Manipulation Basics\06. List Manipulation Basics.csproj", "{F15F2146-6C9C-41A5-8EF8-8CEEE1F3FCC9}"
EndProject
Global
	GlobalSection(SolutionConfigurationPlatforms) = preSolution
		Debug|Any CPU = Debug|Any CPU
		Release|Any CPU = Release|Any CPU
	EndGlobalSection
	GlobalSection(ProjectConfigurationPlatforms) = postSolution
		{86415854-5296-4E4E-80B8-A25B97C2DD8F}.Debug|Any CPU.ActiveCfg = Debug|Any CPU
		{86415854-5296-4E4E-80B8-A25B97C2DD8F}.Debug|Any CPU.Build.0 = Debug|Any CPU
		{86415854-5296-4E4E-80B8-A25B97C2DD8F}.Release|Any CPU.ActiveCfg = Release|Any CPU
		{86415854-5296-4E4E-80B8-A25B97C2DD8F}.Release|Any CPU.Build.0 = Release|Any CPU
		{214C5B27-6C46-4C69-91F6-F44291F40893}.Debug|Any CPU.ActiveCfg = Debug|Any CPU
		{214C5B27-6C46-4C69-91F6-F44291F40893}.Debug|Any CPU.Build.0 = Debug|Any CPU
		{214C5B27-6C46-4C69-91F6-F44291F40893}.Release|Any CPU.ActiveCfg = Release|Any CPU
		{214C5B27-6C46-4C69-91F6-F44291F40893}.Release|Any CPU.Build.0 = Release|Any CPU
		{518DBAE8-3A46-4B03-A1D7-F231EE744752}.Debug|Any CPU.ActiveCfg = Debug|Any CPU
		{518DBAE8-3A46-4B03-A1D7-F231EE744752}.Debug|Any CPU.Build.0 = Debug|Any CPU
		{518DBAE8-3A46-4B03-A1D7-F231EE744752}.Release|Any CPU.ActiveCfg = Release|Any CPU
		{518DBAE8-3A46-4B03-A1D7-F231EE744752}.Release|Any CPU.Build.0 = Release|Any CPU
		{34EDFEE9-421E-4B4D-87F0-C3C04109A6DF}.Debug|Any CPU.ActiveCfg = Debug|Any CPU
		{34EDFEE9-421E-4B4D-87F0-C3C04109A6DF}.Debug|Any CPU.Build.0 = Debug|Any CPU
		{34EDFEE9-421E-4B4D-87F0-C3C04109A6DF}.Release|Any CPU.ActiveCfg = Release|Any CPU
		{34EDFEE9-421E-4B4D-87F0-C3C04109A6DF}.Release|Any CPU.Build.0 = Release|Any CPU
		{4933E2DE-EE74-48A9-8F0F-D76EC098A47A}.Debug|Any CPU.ActiveCfg = Debug|Any CPU
		{4933E2DE-EE74-48A9-8F0F-D76EC098A47A}.Debug|Any CPU.Build.0 = Debug|Any CPU
		{4933E2DE-EE74-48A9-8F0F-D76EC098A47A}.Release|Any CPU.ActiveCfg = Release|Any CPU
		{4933E2DE-EE74-48A9-8F0F-D76EC098A47A}.Release|Any CPU.Build.0 = Release|Any CPU
		{F15F2146-6C9C-41A5-8EF8-8CEEE1F3FCC9}.Debug|Any CPU.ActiveCfg = Debug|Any CPU
		{F15F2146-6C9C-41A5-8EF8-8CEEE1F3FCC9}.Debug|Any CPU.Build.0 = Debug|Any CPU
		{F15F2146-6C9C-41A5-8EF8-8CEEE1F3FCC9}.Release|Any CPU.ActiveCfg = Release|Any CPU
		{F15F2146-6C9C-41A5-8EF8-8CEEE1F3FCC9}.Release|Any CPU.Build.0 = Release|Any CPU
	EndGlobalSection
	GlobalSection(SolutionProperties) = preSolution
		HideSolutionNode = FALSE
	EndGlobalSection
	GlobalSection(ExtensibilityGlobals) = postSolution
		SolutionGuid = {FAAAB65A-1D94-4783-8A1C-1074F7E655F9}
	EndGlobalSection
EndGlobal
